
Microsoft Visual Studio Solution File, Format Version 12.00
# Visual Studio Version 17
VisualStudioVersion = 17.12.35527.113
MinimumVisualStudioVersion = 10.0.40219.1
Project("{2150E333-8FDC-42A3-9474-1A3956D46DE8}") = "CORE", "CORE", "{B8D06074-3E0A-48F4-BBEB-6648C52B421B}"
EndProject
Project("{9A19103F-16F7-4668-BE54-9A1E7A4F7556}") = "Base.API", "Base.API\Base.API.csproj", "{6943A0BA-064C-487C-985D-841791DCB107}"
EndProject
Project("{9A19103F-16F7-4668-BE54-9A1E7A4F7556}") = "Base.Common", "Base.Common\Base.Common.csproj", "{31B481B1-E4E9-47D2-8B0A-1056D6975E15}"
EndProject
Project("{2150E333-8FDC-42A3-9474-1A3956D46DE8}") = "Identity", "Identity", "{02EA681E-C7D8-13C7-8484-4AC65E1B71E8}"
EndProject
Project("{FAE04EC0-301F-11D3-BF4B-00C04F79EFBC}") = "Identity.API", "Identity\Identity.API\Identity.API.csproj", "{8C4B1525-74B7-3F86-09A5-2C8D1B5CB7A3}"
EndProject
Project("{FAE04EC0-301F-11D3-BF4B-00C04F79EFBC}") = "Identity.Application", "Identity\Identity.Application\Identity.Application.csproj", "{B21741CF-6A1E-F9AE-14C5-71C93D981947}"
EndProject
Project("{FAE04EC0-301F-11D3-BF4B-00C04F79EFBC}") = "Identity.Domain", "Identity\Identity.Domain\Identity.Domain.csproj", "{FF355B36-4662-96AC-95AD-1708C9469020}"
EndProject
Project("{FAE04EC0-301F-11D3-BF4B-00C04F79EFBC}") = "Identity.Infrastructure", "Identity\Identity.Infrastructure\Identity.Infrastructure.csproj", "{6F7EFFC0-DDEE-38D7-E4A7-E0FC4D15B850}"
EndProject
Project("{FAE04EC0-301F-11D3-BF4B-00C04F79EFBC}") = "Identity.Presentation", "Identity\Identity.Presentation\Identity.Presentation.csproj", "{72842966-4751-4836-8501-336C1162BBB1}"
EndProject
Project("{FAE04EC0-301F-11D3-BF4B-00C04F79EFBC}") = "Event.API", "Event\Event.API\Event.API.csproj", "{398C21EE-3351-430C-91B4-1ADF987FD5A5}"
EndProject
Project("{2150E333-8FDC-42A3-9474-1A3956D46DE8}") = "Event", "Event", "{F0162C1B-C9A5-4E5A-9ABD-972887881F6A}"
EndProject
Project("{FAE04EC0-301F-11D3-BF4B-00C04F79EFBC}") = "Event.Application", "Event\Event.Application\Event.Application.csproj", "{C543724A-2BEB-455C-8299-18926C809CFC}"
EndProject
Project("{FAE04EC0-301F-11D3-BF4B-00C04F79EFBC}") = "Event.Infrastructure", "Event\Event.Infrastructure\Event.Infrastructure.csproj", "{BF889E3F-C036-4ACB-B9C1-DA49EEB6ECB9}"
EndProject
Project("{FAE04EC0-301F-11D3-BF4B-00C04F79EFBC}") = "Event.Presentation", "Event\Event.Presentation\Event.Presentation.csproj", "{93645E83-B177-4E47-8DE2-1228A431D29E}"
EndProject
Project("{FAE04EC0-301F-11D3-BF4B-00C04F79EFBC}") = "Event.Domain", "Event\Event.Domain\Event.Domain.csproj", "{F135ED84-C9FE-4379-A81F-227B96AAE43D}"
EndProject
Project("{2150E333-8FDC-42A3-9474-1A3956D46DE8}") = "ApiGateway", "ApiGateway", "{3603D13F-123E-4772-B86E-463CA6A02479}"
EndProject
Project("{2150E333-8FDC-42A3-9474-1A3956D46DE8}") = "EventBus", "EventBus", "{EEFA95E2-FADA-44BA-9550-81BC09792EC1}"
EndProject
Project("{FAE04EC0-301F-11D3-BF4B-00C04F79EFBC}") = "APIGateway", "APIGateway\APIGateway\APIGateway.csproj", "{C3FF9C7B-DC19-52B5-B861-716F1AFD9714}"
EndProject
Project("{FAE04EC0-301F-11D3-BF4B-00C04F79EFBC}") = "RabbitMQ.Contract", "EventBus\MasstransitRabbitMQ.Contract\RabbitMQ.Contract.csproj", "{5C2D979A-6F5E-B723-00A1-320CC689A9F6}"
EndProject
Project("{FAE04EC0-301F-11D3-BF4B-00C04F79EFBC}") = "Identity.Infrastructure.RabbitMQ", "Identity\Identity.Infrastructure.RabbitMQ\Identity.Infrastructure.RabbitMQ.csproj", "{1906E83D-B162-4593-957B-278A4D9B07E8}"
EndProject
Project("{FAE04EC0-301F-11D3-BF4B-00C04F79EFBC}") = "Event.Infrastructure.RabbitMQ", "Event\Event.Infrastructure.RabbitMQ\Event.Infrastructure.RabbitMQ.csproj", "{6CF26600-2217-4990-A0FD-472329C8EC38}"
EndProject
Project("{2150E333-8FDC-42A3-9474-1A3956D46DE8}") = "Email", "Email", "{B16E0185-E677-4FCB-9767-047813827328}"
EndProject
Project("{FAE04EC0-301F-11D3-BF4B-00C04F79EFBC}") = "EmailService", "Email\EmailService\EmailService.csproj", "{5CEA10F2-082D-4AC6-A127-91D5B6E52866}"
EndProject
Project("{2150E333-8FDC-42A3-9474-1A3956D46DE8}") = "Payment", "Payment", "{7AD1184C-6A8C-4137-8D6B-9114525D260D}"
EndProject
Project("{FAE04EC0-301F-11D3-BF4B-00C04F79EFBC}") = "Payment.API", "Payment\Payment.API\Payment.API.csproj", "{297CF612-8C19-ADA2-8211-F2C9B85B2003}"
EndProject
Project("{FAE04EC0-301F-11D3-BF4B-00C04F79EFBC}") = "Payment.Application", "Payment\Payment.Application\Payment.Application.csproj", "{888B2C54-7520-1A71-489D-E157BFD88008}"
EndProject
Project("{FAE04EC0-301F-11D3-BF4B-00C04F79EFBC}") = "Payment.Domain", "Payment\Payment.Domain\Payment.Domain.csproj", "{E0F93B16-4757-40A1-818E-C344A1F7333F}"
EndProject
Project("{FAE04EC0-301F-11D3-BF4B-00C04F79EFBC}") = "Payment.Infrastructure", "Payment\Payment.Infrastructure\Payment.Infrastructure.csproj", "{953C718F-0AF4-0052-A99E-B475A9D3E859}"
EndProject
Project("{FAE04EC0-301F-11D3-BF4B-00C04F79EFBC}") = "Payment.Infrastructure.VNPay", "Payment\Payment.Infrastructure.VNPay\Payment.Infrastructure.VNPay.csproj", "{4355B5C8-3E55-CB48-ACF1-2EA104B04E0E}"
EndProject
Project("{FAE04EC0-301F-11D3-BF4B-00C04F79EFBC}") = "Payment.Presentation", "Payment\Payment.Presentation\Payment.Presentation.csproj", "{88D8BC92-9BDF-1AB0-C8ED-505D2BDF7062}"
EndProject
Project("{FAE04EC0-301F-11D3-BF4B-00C04F79EFBC}") = "Payment.Infrastructure.RabbitMQ", "Payment\Payment.Infrastructure.RabbitMQ\Payment.Infrastructure.RabbitMQ.csproj", "{69A8BED9-40AC-4264-A0BB-A06A6FF5EE81}"
EndProject
Project("{2150E333-8FDC-42A3-9474-1A3956D46DE8}") = "Upload", "Upload", "{8FCE3BE2-7296-42D3-A050-F7905B0D3EC1}"
EndProject
Project("{FAE04EC0-301F-11D3-BF4B-00C04F79EFBC}") = "Upload", "Upload\Upload.csproj", "{1DBB3B89-E914-4009-B46E-6C43A95D199C}"
EndProject
Project("{2150E333-8FDC-42A3-9474-1A3956D46DE8}") = "EventProduct", "EventProduct", "{76A1BC93-CC52-4154-98E1-13317F45331B}"
EndProject
Project("{FAE04EC0-301F-11D3-BF4B-00C04F79EFBC}") = "EventProduct.Domain", "EventProduct\EventProduct.Domain\EventProduct.Domain.csproj", "{D5E1901D-A6C7-4AF9-9201-FEDF3583F999}"
EndProject
Project("{FAE04EC0-301F-11D3-BF4B-00C04F79EFBC}") = "EventProduct.API", "EventProduct\EventProduct.API\EventProduct.API.csproj", "{3B159376-30B9-471C-BB44-438DA9E659CB}"
EndProject
Project("{FAE04EC0-301F-11D3-BF4B-00C04F79EFBC}") = "EventProduct.Application", "EventProduct\EventProduct.Application\EventProduct.Application.csproj", "{B84D6B5D-7C7A-4820-A911-242A5EFC904D}"
EndProject
Project("{FAE04EC0-301F-11D3-BF4B-00C04F79EFBC}") = "EventProduct.Infrastructure", "EventProduct\EventProduct.Infrastructure\EventProduct.Infrastructure.csproj", "{44261CB5-384E-42E9-8E70-147E9D095401}"
EndProject
Project("{FAE04EC0-301F-11D3-BF4B-00C04F79EFBC}") = "EventProduct.Infrastructure.RabbitMQ", "EventProduct\EventProduct.Infrastructure.RabbitMQ\EventProduct.Infrastructure.RabbitMQ.csproj", "{41AFFE5F-D4E8-4E3E-A7D7-D244EF3CDF73}"
EndProject
Project("{FAE04EC0-301F-11D3-BF4B-00C04F79EFBC}") = "EventProduct.Presentation", "EventProduct\EventProduct.Presentation\EventProduct.Presentation.csproj", "{4CA7A9DA-A893-4150-9DC4-18488A26FF8C}"
EndProject
Global
	GlobalSection(SolutionConfigurationPlatforms) = preSolution
		Debug|Any CPU = Debug|Any CPU
		Release|Any CPU = Release|Any CPU
	EndGlobalSection
	GlobalSection(ProjectConfigurationPlatforms) = postSolution
		{6943A0BA-064C-487C-985D-841791DCB107}.Debug|Any CPU.ActiveCfg = Debug|Any CPU
		{6943A0BA-064C-487C-985D-841791DCB107}.Debug|Any CPU.Build.0 = Debug|Any CPU
		{6943A0BA-064C-487C-985D-841791DCB107}.Release|Any CPU.ActiveCfg = Release|Any CPU
		{6943A0BA-064C-487C-985D-841791DCB107}.Release|Any CPU.Build.0 = Release|Any CPU
		{31B481B1-E4E9-47D2-8B0A-1056D6975E15}.Debug|Any CPU.ActiveCfg = Debug|Any CPU
		{31B481B1-E4E9-47D2-8B0A-1056D6975E15}.Debug|Any CPU.Build.0 = Debug|Any CPU
		{31B481B1-E4E9-47D2-8B0A-1056D6975E15}.Release|Any CPU.ActiveCfg = Release|Any CPU
		{31B481B1-E4E9-47D2-8B0A-1056D6975E15}.Release|Any CPU.Build.0 = Release|Any CPU
		{8C4B1525-74B7-3F86-09A5-2C8D1B5CB7A3}.Debug|Any CPU.ActiveCfg = Debug|Any CPU
		{8C4B1525-74B7-3F86-09A5-2C8D1B5CB7A3}.Debug|Any CPU.Build.0 = Debug|Any CPU
		{8C4B1525-74B7-3F86-09A5-2C8D1B5CB7A3}.Release|Any CPU.ActiveCfg = Release|Any CPU
		{8C4B1525-74B7-3F86-09A5-2C8D1B5CB7A3}.Release|Any CPU.Build.0 = Release|Any CPU
		{B21741CF-6A1E-F9AE-14C5-71C93D981947}.Debug|Any CPU.ActiveCfg = Debug|Any CPU
		{B21741CF-6A1E-F9AE-14C5-71C93D981947}.Debug|Any CPU.Build.0 = Debug|Any CPU
		{B21741CF-6A1E-F9AE-14C5-71C93D981947}.Release|Any CPU.ActiveCfg = Release|Any CPU
		{B21741CF-6A1E-F9AE-14C5-71C93D981947}.Release|Any CPU.Build.0 = Release|Any CPU
		{FF355B36-4662-96AC-95AD-1708C9469020}.Debug|Any CPU.ActiveCfg = Debug|Any CPU
		{FF355B36-4662-96AC-95AD-1708C9469020}.Debug|Any CPU.Build.0 = Debug|Any CPU
		{FF355B36-4662-96AC-95AD-1708C9469020}.Release|Any CPU.ActiveCfg = Release|Any CPU
		{FF355B36-4662-96AC-95AD-1708C9469020}.Release|Any CPU.Build.0 = Release|Any CPU
		{6F7EFFC0-DDEE-38D7-E4A7-E0FC4D15B850}.Debug|Any CPU.ActiveCfg = Debug|Any CPU
		{6F7EFFC0-DDEE-38D7-E4A7-E0FC4D15B850}.Debug|Any CPU.Build.0 = Debug|Any CPU
		{6F7EFFC0-DDEE-38D7-E4A7-E0FC4D15B850}.Release|Any CPU.ActiveCfg = Release|Any CPU
		{6F7EFFC0-DDEE-38D7-E4A7-E0FC4D15B850}.Release|Any CPU.Build.0 = Release|Any CPU
		{72842966-4751-4836-8501-336C1162BBB1}.Debug|Any CPU.ActiveCfg = Debug|Any CPU
		{72842966-4751-4836-8501-336C1162BBB1}.Debug|Any CPU.Build.0 = Debug|Any CPU
		{72842966-4751-4836-8501-336C1162BBB1}.Release|Any CPU.ActiveCfg = Release|Any CPU
		{72842966-4751-4836-8501-336C1162BBB1}.Release|Any CPU.Build.0 = Release|Any CPU
		{398C21EE-3351-430C-91B4-1ADF987FD5A5}.Debug|Any CPU.ActiveCfg = Debug|Any CPU
		{398C21EE-3351-430C-91B4-1ADF987FD5A5}.Debug|Any CPU.Build.0 = Debug|Any CPU
		{398C21EE-3351-430C-91B4-1ADF987FD5A5}.Release|Any CPU.ActiveCfg = Release|Any CPU
		{398C21EE-3351-430C-91B4-1ADF987FD5A5}.Release|Any CPU.Build.0 = Release|Any CPU
		{C543724A-2BEB-455C-8299-18926C809CFC}.Debug|Any CPU.ActiveCfg = Debug|Any CPU
		{C543724A-2BEB-455C-8299-18926C809CFC}.Debug|Any CPU.Build.0 = Debug|Any CPU
		{C543724A-2BEB-455C-8299-18926C809CFC}.Release|Any CPU.ActiveCfg = Release|Any CPU
		{C543724A-2BEB-455C-8299-18926C809CFC}.Release|Any CPU.Build.0 = Release|Any CPU
		{BF889E3F-C036-4ACB-B9C1-DA49EEB6ECB9}.Debug|Any CPU.ActiveCfg = Debug|Any CPU
		{BF889E3F-C036-4ACB-B9C1-DA49EEB6ECB9}.Debug|Any CPU.Build.0 = Debug|Any CPU
		{BF889E3F-C036-4ACB-B9C1-DA49EEB6ECB9}.Release|Any CPU.ActiveCfg = Release|Any CPU
		{BF889E3F-C036-4ACB-B9C1-DA49EEB6ECB9}.Release|Any CPU.Build.0 = Release|Any CPU
		{93645E83-B177-4E47-8DE2-1228A431D29E}.Debug|Any CPU.ActiveCfg = Debug|Any CPU
		{93645E83-B177-4E47-8DE2-1228A431D29E}.Debug|Any CPU.Build.0 = Debug|Any CPU
		{93645E83-B177-4E47-8DE2-1228A431D29E}.Release|Any CPU.ActiveCfg = Release|Any CPU
		{93645E83-B177-4E47-8DE2-1228A431D29E}.Release|Any CPU.Build.0 = Release|Any CPU
		{F135ED84-C9FE-4379-A81F-227B96AAE43D}.Debug|Any CPU.ActiveCfg = Debug|Any CPU
		{F135ED84-C9FE-4379-A81F-227B96AAE43D}.Debug|Any CPU.Build.0 = Debug|Any CPU
		{F135ED84-C9FE-4379-A81F-227B96AAE43D}.Release|Any CPU.ActiveCfg = Release|Any CPU
		{F135ED84-C9FE-4379-A81F-227B96AAE43D}.Release|Any CPU.Build.0 = Release|Any CPU
		{C3FF9C7B-DC19-52B5-B861-716F1AFD9714}.Debug|Any CPU.ActiveCfg = Debug|Any CPU
		{C3FF9C7B-DC19-52B5-B861-716F1AFD9714}.Debug|Any CPU.Build.0 = Debug|Any CPU
		{C3FF9C7B-DC19-52B5-B861-716F1AFD9714}.Release|Any CPU.ActiveCfg = Release|Any CPU
		{C3FF9C7B-DC19-52B5-B861-716F1AFD9714}.Release|Any CPU.Build.0 = Release|Any CPU
		{5C2D979A-6F5E-B723-00A1-320CC689A9F6}.Debug|Any CPU.ActiveCfg = Debug|Any CPU
		{5C2D979A-6F5E-B723-00A1-320CC689A9F6}.Debug|Any CPU.Build.0 = Debug|Any CPU
		{5C2D979A-6F5E-B723-00A1-320CC689A9F6}.Release|Any CPU.ActiveCfg = Release|Any CPU
		{5C2D979A-6F5E-B723-00A1-320CC689A9F6}.Release|Any CPU.Build.0 = Release|Any CPU
		{1906E83D-B162-4593-957B-278A4D9B07E8}.Debug|Any CPU.ActiveCfg = Debug|Any CPU
		{1906E83D-B162-4593-957B-278A4D9B07E8}.Debug|Any CPU.Build.0 = Debug|Any CPU
		{1906E83D-B162-4593-957B-278A4D9B07E8}.Release|Any CPU.ActiveCfg = Release|Any CPU
		{1906E83D-B162-4593-957B-278A4D9B07E8}.Release|Any CPU.Build.0 = Release|Any CPU
		{6CF26600-2217-4990-A0FD-472329C8EC38}.Debug|Any CPU.ActiveCfg = Debug|Any CPU
		{6CF26600-2217-4990-A0FD-472329C8EC38}.Debug|Any CPU.Build.0 = Debug|Any CPU
		{6CF26600-2217-4990-A0FD-472329C8EC38}.Release|Any CPU.ActiveCfg = Release|Any CPU
		{6CF26600-2217-4990-A0FD-472329C8EC38}.Release|Any CPU.Build.0 = Release|Any CPU
		{5CEA10F2-082D-4AC6-A127-91D5B6E52866}.Debug|Any CPU.ActiveCfg = Debug|Any CPU
		{5CEA10F2-082D-4AC6-A127-91D5B6E52866}.Debug|Any CPU.Build.0 = Debug|Any CPU
		{5CEA10F2-082D-4AC6-A127-91D5B6E52866}.Release|Any CPU.ActiveCfg = Release|Any CPU
		{5CEA10F2-082D-4AC6-A127-91D5B6E52866}.Release|Any CPU.Build.0 = Release|Any CPU
		{297CF612-8C19-ADA2-8211-F2C9B85B2003}.Debug|Any CPU.ActiveCfg = Debug|Any CPU
		{297CF612-8C19-ADA2-8211-F2C9B85B2003}.Debug|Any CPU.Build.0 = Debug|Any CPU
		{297CF612-8C19-ADA2-8211-F2C9B85B2003}.Release|Any CPU.ActiveCfg = Release|Any CPU
		{297CF612-8C19-ADA2-8211-F2C9B85B2003}.Release|Any CPU.Build.0 = Release|Any CPU
		{888B2C54-7520-1A71-489D-E157BFD88008}.Debug|Any CPU.ActiveCfg = Debug|Any CPU
		{888B2C54-7520-1A71-489D-E157BFD88008}.Debug|Any CPU.Build.0 = Debug|Any CPU
		{888B2C54-7520-1A71-489D-E157BFD88008}.Release|Any CPU.ActiveCfg = Release|Any CPU
		{888B2C54-7520-1A71-489D-E157BFD88008}.Release|Any CPU.Build.0 = Release|Any CPU
		{E0F93B16-4757-40A1-818E-C344A1F7333F}.Debug|Any CPU.ActiveCfg = Debug|Any CPU
		{E0F93B16-4757-40A1-818E-C344A1F7333F}.Debug|Any CPU.Build.0 = Debug|Any CPU
		{E0F93B16-4757-40A1-818E-C344A1F7333F}.Release|Any CPU.ActiveCfg = Release|Any CPU
		{E0F93B16-4757-40A1-818E-C344A1F7333F}.Release|Any CPU.Build.0 = Release|Any CPU
		{953C718F-0AF4-0052-A99E-B475A9D3E859}.Debug|Any CPU.ActiveCfg = Debug|Any CPU
		{953C718F-0AF4-0052-A99E-B475A9D3E859}.Debug|Any CPU.Build.0 = Debug|Any CPU
		{953C718F-0AF4-0052-A99E-B475A9D3E859}.Release|Any CPU.ActiveCfg = Release|Any CPU
		{953C718F-0AF4-0052-A99E-B475A9D3E859}.Release|Any CPU.Build.0 = Release|Any CPU
		{4355B5C8-3E55-CB48-ACF1-2EA104B04E0E}.Debug|Any CPU.ActiveCfg = Debug|Any CPU
		{4355B5C8-3E55-CB48-ACF1-2EA104B04E0E}.Debug|Any CPU.Build.0 = Debug|Any CPU
		{4355B5C8-3E55-CB48-ACF1-2EA104B04E0E}.Release|Any CPU.ActiveCfg = Release|Any CPU
		{4355B5C8-3E55-CB48-ACF1-2EA104B04E0E}.Release|Any CPU.Build.0 = Release|Any CPU
		{88D8BC92-9BDF-1AB0-C8ED-505D2BDF7062}.Debug|Any CPU.ActiveCfg = Debug|Any CPU
		{88D8BC92-9BDF-1AB0-C8ED-505D2BDF7062}.Debug|Any CPU.Build.0 = Debug|Any CPU
		{88D8BC92-9BDF-1AB0-C8ED-505D2BDF7062}.Release|Any CPU.ActiveCfg = Release|Any CPU
		{88D8BC92-9BDF-1AB0-C8ED-505D2BDF7062}.Release|Any CPU.Build.0 = Release|Any CPU
		{69A8BED9-40AC-4264-A0BB-A06A6FF5EE81}.Debug|Any CPU.ActiveCfg = Debug|Any CPU
		{69A8BED9-40AC-4264-A0BB-A06A6FF5EE81}.Debug|Any CPU.Build.0 = Debug|Any CPU
		{69A8BED9-40AC-4264-A0BB-A06A6FF5EE81}.Release|Any CPU.ActiveCfg = Release|Any CPU
		{69A8BED9-40AC-4264-A0BB-A06A6FF5EE81}.Release|Any CPU.Build.0 = Release|Any CPU
		{1DBB3B89-E914-4009-B46E-6C43A95D199C}.Debug|Any CPU.ActiveCfg = Debug|Any CPU
		{1DBB3B89-E914-4009-B46E-6C43A95D199C}.Debug|Any CPU.Build.0 = Debug|Any CPU
		{1DBB3B89-E914-4009-B46E-6C43A95D199C}.Release|Any CPU.ActiveCfg = Release|Any CPU
		{1DBB3B89-E914-4009-B46E-6C43A95D199C}.Release|Any CPU.Build.0 = Release|Any CPU
		{D5E1901D-A6C7-4AF9-9201-FEDF3583F999}.Debug|Any CPU.ActiveCfg = Debug|Any CPU
		{D5E1901D-A6C7-4AF9-9201-FEDF3583F999}.Debug|Any CPU.Build.0 = Debug|Any CPU
		{D5E1901D-A6C7-4AF9-9201-FEDF3583F999}.Release|Any CPU.ActiveCfg = Release|Any CPU
		{D5E1901D-A6C7-4AF9-9201-FEDF3583F999}.Release|Any CPU.Build.0 = Release|Any CPU
		{3B159376-30B9-471C-BB44-438DA9E659CB}.Debug|Any CPU.ActiveCfg = Debug|Any CPU
		{3B159376-30B9-471C-BB44-438DA9E659CB}.Debug|Any CPU.Build.0 = Debug|Any CPU
		{3B159376-30B9-471C-BB44-438DA9E659CB}.Release|Any CPU.ActiveCfg = Release|Any CPU
		{3B159376-30B9-471C-BB44-438DA9E659CB}.Release|Any CPU.Build.0 = Release|Any CPU
		{B84D6B5D-7C7A-4820-A911-242A5EFC904D}.Debug|Any CPU.ActiveCfg = Debug|Any CPU
		{B84D6B5D-7C7A-4820-A911-242A5EFC904D}.Debug|Any CPU.Build.0 = Debug|Any CPU
		{B84D6B5D-7C7A-4820-A911-242A5EFC904D}.Release|Any CPU.ActiveCfg = Release|Any CPU
		{B84D6B5D-7C7A-4820-A911-242A5EFC904D}.Release|Any CPU.Build.0 = Release|Any CPU
		{44261CB5-384E-42E9-8E70-147E9D095401}.Debug|Any CPU.ActiveCfg = Debug|Any CPU
		{44261CB5-384E-42E9-8E70-147E9D095401}.Debug|Any CPU.Build.0 = Debug|Any CPU
		{44261CB5-384E-42E9-8E70-147E9D095401}.Release|Any CPU.ActiveCfg = Release|Any CPU
		{44261CB5-384E-42E9-8E70-147E9D095401}.Release|Any CPU.Build.0 = Release|Any CPU
		{41AFFE5F-D4E8-4E3E-A7D7-D244EF3CDF73}.Debug|Any CPU.ActiveCfg = Debug|Any CPU
		{41AFFE5F-D4E8-4E3E-A7D7-D244EF3CDF73}.Debug|Any CPU.Build.0 = Debug|Any CPU
		{41AFFE5F-D4E8-4E3E-A7D7-D244EF3CDF73}.Release|Any CPU.ActiveCfg = Release|Any CPU
		{41AFFE5F-D4E8-4E3E-A7D7-D244EF3CDF73}.Release|Any CPU.Build.0 = Release|Any CPU
		{4CA7A9DA-A893-4150-9DC4-18488A26FF8C}.Debug|Any CPU.ActiveCfg = Debug|Any CPU
		{4CA7A9DA-A893-4150-9DC4-18488A26FF8C}.Debug|Any CPU.Build.0 = Debug|Any CPU
		{4CA7A9DA-A893-4150-9DC4-18488A26FF8C}.Release|Any CPU.ActiveCfg = Release|Any CPU
		{4CA7A9DA-A893-4150-9DC4-18488A26FF8C}.Release|Any CPU.Build.0 = Release|Any CPU
	EndGlobalSection
	GlobalSection(SolutionProperties) = preSolution
		HideSolutionNode = FALSE
	EndGlobalSection
	GlobalSection(NestedProjects) = preSolution
		{6943A0BA-064C-487C-985D-841791DCB107} = {B8D06074-3E0A-48F4-BBEB-6648C52B421B}
		{31B481B1-E4E9-47D2-8B0A-1056D6975E15} = {B8D06074-3E0A-48F4-BBEB-6648C52B421B}
		{8C4B1525-74B7-3F86-09A5-2C8D1B5CB7A3} = {02EA681E-C7D8-13C7-8484-4AC65E1B71E8}
		{B21741CF-6A1E-F9AE-14C5-71C93D981947} = {02EA681E-C7D8-13C7-8484-4AC65E1B71E8}
		{FF355B36-4662-96AC-95AD-1708C9469020} = {02EA681E-C7D8-13C7-8484-4AC65E1B71E8}
		{6F7EFFC0-DDEE-38D7-E4A7-E0FC4D15B850} = {02EA681E-C7D8-13C7-8484-4AC65E1B71E8}
		{72842966-4751-4836-8501-336C1162BBB1} = {02EA681E-C7D8-13C7-8484-4AC65E1B71E8}
		{398C21EE-3351-430C-91B4-1ADF987FD5A5} = {F0162C1B-C9A5-4E5A-9ABD-972887881F6A}
		{C543724A-2BEB-455C-8299-18926C809CFC} = {F0162C1B-C9A5-4E5A-9ABD-972887881F6A}
		{BF889E3F-C036-4ACB-B9C1-DA49EEB6ECB9} = {F0162C1B-C9A5-4E5A-9ABD-972887881F6A}
		{93645E83-B177-4E47-8DE2-1228A431D29E} = {F0162C1B-C9A5-4E5A-9ABD-972887881F6A}
		{F135ED84-C9FE-4379-A81F-227B96AAE43D} = {F0162C1B-C9A5-4E5A-9ABD-972887881F6A}
		{C3FF9C7B-DC19-52B5-B861-716F1AFD9714} = {3603D13F-123E-4772-B86E-463CA6A02479}
		{5C2D979A-6F5E-B723-00A1-320CC689A9F6} = {EEFA95E2-FADA-44BA-9550-81BC09792EC1}
		{1906E83D-B162-4593-957B-278A4D9B07E8} = {02EA681E-C7D8-13C7-8484-4AC65E1B71E8}
		{6CF26600-2217-4990-A0FD-472329C8EC38} = {F0162C1B-C9A5-4E5A-9ABD-972887881F6A}
		{5CEA10F2-082D-4AC6-A127-91D5B6E52866} = {B16E0185-E677-4FCB-9767-047813827328}
		{297CF612-8C19-ADA2-8211-F2C9B85B2003} = {7AD1184C-6A8C-4137-8D6B-9114525D260D}
		{888B2C54-7520-1A71-489D-E157BFD88008} = {7AD1184C-6A8C-4137-8D6B-9114525D260D}
		{E0F93B16-4757-40A1-818E-C344A1F7333F} = {7AD1184C-6A8C-4137-8D6B-9114525D260D}
		{953C718F-0AF4-0052-A99E-B475A9D3E859} = {7AD1184C-6A8C-4137-8D6B-9114525D260D}
		{4355B5C8-3E55-CB48-ACF1-2EA104B04E0E} = {7AD1184C-6A8C-4137-8D6B-9114525D260D}
		{88D8BC92-9BDF-1AB0-C8ED-505D2BDF7062} = {7AD1184C-6A8C-4137-8D6B-9114525D260D}
		{69A8BED9-40AC-4264-A0BB-A06A6FF5EE81} = {7AD1184C-6A8C-4137-8D6B-9114525D260D}
		{1DBB3B89-E914-4009-B46E-6C43A95D199C} = {8FCE3BE2-7296-42D3-A050-F7905B0D3EC1}
		{D5E1901D-A6C7-4AF9-9201-FEDF3583F999} = {76A1BC93-CC52-4154-98E1-13317F45331B}
		{3B159376-30B9-471C-BB44-438DA9E659CB} = {76A1BC93-CC52-4154-98E1-13317F45331B}
		{B84D6B5D-7C7A-4820-A911-242A5EFC904D} = {76A1BC93-CC52-4154-98E1-13317F45331B}
		{44261CB5-384E-42E9-8E70-147E9D095401} = {76A1BC93-CC52-4154-98E1-13317F45331B}
		{41AFFE5F-D4E8-4E3E-A7D7-D244EF3CDF73} = {76A1BC93-CC52-4154-98E1-13317F45331B}
		{4CA7A9DA-A893-4150-9DC4-18488A26FF8C} = {76A1BC93-CC52-4154-98E1-13317F45331B}
	EndGlobalSection
	GlobalSection(ExtensibilityGlobals) = postSolution
		SolutionGuid = {07445C39-002A-474D-980E-6EAFB5CB3386}
	EndGlobalSection
EndGlobal
